
Microsoft Visual Studio Solution File, Format Version 12.00
# Visual Studio Version 17
VisualStudioVersion = 17.7.34031.279
MinimumVisualStudioVersion = 10.0.40219.1
Project("{FAE04EC0-301F-11D3-BF4B-00C04F79EFBC}") = "SportsWebApp", "SportsWebApp.csproj", "{18D68DFE-C6BF-454A-82CA-BB932310F5D5}"
EndProject
Global
	GlobalSection(SolutionConfigurationPlatforms) = preSolution
		Debug|Any CPU = Debug|Any CPU
		Release|Any CPU = Release|Any CPU
	EndGlobalSection
	GlobalSection(ProjectConfigurationPlatforms) = postSolution
		{18D68DFE-C6BF-454A-82CA-BB932310F5D5}.Debug|Any CPU.ActiveCfg = Debug|Any CPU
		{18D68DFE-C6BF-454A-82CA-BB932310F5D5}.Debug|Any CPU.Build.0 = Debug|Any CPU
		{18D68DFE-C6BF-454A-82CA-BB932310F5D5}.Release|Any CPU.ActiveCfg = Release|Any CPU
		{18D68DFE-C6BF-454A-82CA-BB932310F5D5}.Release|Any CPU.Build.0 = Release|Any CPU
	EndGlobalSection
	GlobalSection(SolutionProperties) = preSolution
		HideSolutionNode = FALSE
	EndGlobalSection
	GlobalSection(ExtensibilityGlobals) = postSolution
		SolutionGuid = {B296DBE5-165E-4460-AEB8-03FC80E3F6EC}
	EndGlobalSection
EndGlobal
